
Microsoft Visual Studio Solution File, Format Version 12.00
# Visual Studio Version 16
VisualStudioVersion = 16.0.30320.27
MinimumVisualStudioVersion = 10.0.40219.1
Project("{FAE04EC0-301F-11D3-BF4B-00C04F79EFBC}") = "VkUp", "VkUp.csproj", "{5F85278A-0EE6-4017-99E6-47D0028A8499}"
EndProject
Global
	GlobalSection(SolutionConfigurationPlatforms) = preSolution
		Debug|Any CPU = Debug|Any CPU
		Release|Any CPU = Release|Any CPU
	EndGlobalSection
	GlobalSection(ProjectConfigurationPlatforms) = postSolution
		{5F85278A-0EE6-4017-99E6-47D0028A8499}.Debug|Any CPU.ActiveCfg = Debug|Any CPU
		{5F85278A-0EE6-4017-99E6-47D0028A8499}.Debug|Any CPU.Build.0 = Debug|Any CPU
		{5F85278A-0EE6-4017-99E6-47D0028A8499}.Release|Any CPU.ActiveCfg = Release|Any CPU
		{5F85278A-0EE6-4017-99E6-47D0028A8499}.Release|Any CPU.Build.0 = Release|Any CPU
	EndGlobalSection
	GlobalSection(SolutionProperties) = preSolution
		HideSolutionNode = FALSE
	EndGlobalSection
	GlobalSection(ExtensibilityGlobals) = postSolution
		SolutionGuid = {B59F312C-033D-45DD-AEC9-DB37E1B2CE57}
	EndGlobalSection
EndGlobal
